
Microsoft Visual Studio Solution File, Format Version 12.00
# Visual Studio Version 17
VisualStudioVersion = 17.4.33122.133
MinimumVisualStudioVersion = 10.0.40219.1
Project("{FAE04EC0-301F-11D3-BF4B-00C04F79EFBC}") = "MVCPratice", "MVCPratice\MVCPratice.csproj", "{BB972227-279A-458C-AD77-49D06F4DFE42}"
EndProject
Global
	GlobalSection(SolutionConfigurationPlatforms) = preSolution
		Debug|Any CPU = Debug|Any CPU
		Release|Any CPU = Release|Any CPU
	EndGlobalSection
	GlobalSection(ProjectConfigurationPlatforms) = postSolution
		{BB972227-279A-458C-AD77-49D06F4DFE42}.Debug|Any CPU.ActiveCfg = Debug|Any CPU
		{BB972227-279A-458C-AD77-49D06F4DFE42}.Debug|Any CPU.Build.0 = Debug|Any CPU
		{BB972227-279A-458C-AD77-49D06F4DFE42}.Release|Any CPU.ActiveCfg = Release|Any CPU
		{BB972227-279A-458C-AD77-49D06F4DFE42}.Release|Any CPU.Build.0 = Release|Any CPU
	EndGlobalSection
	GlobalSection(SolutionProperties) = preSolution
		HideSolutionNode = FALSE
	EndGlobalSection
	GlobalSection(ExtensibilityGlobals) = postSolution
		SolutionGuid = {03622699-0931-4451-99DF-C2BEA21F0E37}
	EndGlobalSection
EndGlobal
